# THIS IS AN AUTOGENERATED FILE. DO NOT EDIT THIS FILE DIRECTLY.
# yarn lockfile v1


csv-string@^3.2.0:
  version "3.2.0"
  resolved "https://registry.yarnpkg.com/csv-string/-/csv-string-3.2.0.tgz#d034b62dfcd10b95ff7e584401d15355805673bd"
  integrity sha512-JN3iAuFJ+r7+CwF6UtP3U8ryorRkQp8NT+9VufeiRV+Xyv+Q8HPPBHGm4LAq7YihTQYmUnIeYy5CPQ8Y2GhMkg==

moment@^2.24.0:
  version "2.24.0"
  resolved "https://registry.yarnpkg.com/moment/-/moment-2.24.0.tgz#0d055d53f5052aa653c9f6eb68bb5d12bf5c2b5b"
  integrity sha512-bV7f+6l2QigeBBZSM/6yTNq4P2fNpSWj/0e7jQcy87A8e7o2nAfP/34/2ky5Vw4B9S446EtIhodAzkFCcR4dQg==

node-fetch@^2.6.1:
  version "2.6.1"
  resolved "https://registry.yarnpkg.com/node-fetch/-/node-fetch-2.6.1.tgz#045bd323631f76ed2e2b55573394416b639a0052"
  integrity sha512-V4aYg89jEoVRxRb2fJdAg8FHvI7cEyYdVAh94HH0UIK8oJxUfkjlDQN9RbMx+bEjP7+ggMiFRprSti032Oipxw==
