# THIS IS AN AUTOGENERATED FILE. DO NOT EDIT THIS FILE DIRECTLY.
# yarn lockfile v1


csv-string@^3.2.0:
  version "3.2.0"
  resolved "https://registry.yarnpkg.com/csv-string/-/csv-string-3.2.0.tgz#d034b62dfcd10b95ff7e584401d15355805673bd"
  integrity sha512-JN3iAuFJ+r7+CwF6UtP3U8ryorRkQp8NT+9VufeiRV+Xyv+Q8HPPBHGm4LAq7YihTQYmUnIeYy5CPQ8Y2GhMkg==

moment@^2.29.2:
  version "2.29.2"
  resolved "https://registry.yarnpkg.com/moment/-/moment-2.29.2.tgz#00910c60b20843bcba52d37d58c628b47b1f20e4"
  integrity sha512-UgzG4rvxYpN15jgCmVJwac49h9ly9NurikMWGPdVxm8GZD6XjkKPxDTjQQ43gtGgnV3X0cAyWDdP2Wexoquifg==

node-fetch@^2.6.0:
  version "2.6.0"
  resolved "https://registry.yarnpkg.com/node-fetch/-/node-fetch-2.6.0.tgz#e633456386d4aa55863f676a7ab0daa8fdecb0fd"
  integrity sha512-8dG4H5ujfvFiqDmVu9fQ5bOHUC15JMjMY/Zumv26oOvvVJjM67KF8koCWIabKQ1GJIa9r2mMZscBq/TbdOcmNA==
