# THIS IS AN AUTOGENERATED FILE. DO NOT EDIT THIS FILE DIRECTLY.
# yarn lockfile v1


at-least-node@^1.0.0:
  version "1.0.0"
  resolved "https://registry.yarnpkg.com/at-least-node/-/at-least-node-1.0.0.tgz#602cd4b46e844ad4effc92a8011a3c46e0238dc2"
  integrity sha512-+q/t7Ekv1EDY2l6Gda6LLiX14rU9TV20Wa3ofeQmwPFZbOMo9DXrLbOjFaaclkXKWidIaopwAObQDqwWtGUjqg==

fs-extra@^9.0.0:
  version "9.0.0"
  resolved "https://registry.yarnpkg.com/fs-extra/-/fs-extra-9.0.0.tgz#b6afc31036e247b2466dc99c29ae797d5d4580a3"
  integrity sha512-pmEYSk3vYsG/bF651KPUXZ+hvjpgWYw/Gc7W9NFUe3ZVLczKKWIij3IKpOrQcdw4TILtibFslZ0UmR8Vvzig4g==
  dependencies:
    at-least-node "^1.0.0"
    graceful-fs "^4.2.0"
    jsonfile "^6.0.1"
    universalify "^1.0.0"

google-polyline@^1.0.3:
  version "1.0.3"
  resolved "https://registry.yarnpkg.com/google-polyline/-/google-polyline-1.0.3.tgz#b1fafd8841059f7049d4ba6767c386be979510dc"
  integrity sha512-36BnqVxmVcR8lTvzO6aeXdICNChAwQLlfMkR1P9IBpTWE8hA6bAbQHCVArwMHB5WIMq9owywtAkjioe3crNq4Q==

graceful-fs@^4.1.6, graceful-fs@^4.2.0:
  version "4.2.3"
  resolved "https://registry.yarnpkg.com/graceful-fs/-/graceful-fs-4.2.3.tgz#4a12ff1b60376ef09862c2093edd908328be8423"
  integrity sha512-a30VEBm4PEdx1dRB7MFK7BejejvCvBronbLjht+sHuGYj8PHs7M/5Z+rt5lw551vZ7yfTCj4Vuyy3mSJytDWRQ==

jsonfile@^6.0.1:
  version "6.0.1"
  resolved "https://registry.yarnpkg.com/jsonfile/-/jsonfile-6.0.1.tgz#98966cba214378c8c84b82e085907b40bf614179"
  integrity sha512-jR2b5v7d2vIOust+w3wtFKZIfpC2pnRmFAhAC/BuweZFQR8qZzxH1OyrQ10HmdVYiXWkYUqPVsz91cG7EL2FBg==
  dependencies:
    universalify "^1.0.0"
  optionalDependencies:
    graceful-fs "^4.1.6"

moment@^2.29.2:
  version "2.29.2"
  resolved "https://registry.yarnpkg.com/moment/-/moment-2.29.2.tgz#00910c60b20843bcba52d37d58c628b47b1f20e4"
  integrity sha512-UgzG4rvxYpN15jgCmVJwac49h9ly9NurikMWGPdVxm8GZD6XjkKPxDTjQQ43gtGgnV3X0cAyWDdP2Wexoquifg==

node-fetch@^2.6.0:
  version "2.6.0"
  resolved "https://registry.yarnpkg.com/node-fetch/-/node-fetch-2.6.0.tgz#e633456386d4aa55863f676a7ab0daa8fdecb0fd"
  integrity sha512-8dG4H5ujfvFiqDmVu9fQ5bOHUC15JMjMY/Zumv26oOvvVJjM67KF8koCWIabKQ1GJIa9r2mMZscBq/TbdOcmNA==

tsv@^0.2.0:
  version "0.2.0"
  resolved "https://registry.yarnpkg.com/tsv/-/tsv-0.2.0.tgz#92869a3cb5f50332f3dc90fca82be667db6f72d6"
  integrity sha1-koaaPLX1AzLz3JD8qCvmZ9tvctY=

universalify@^1.0.0:
  version "1.0.0"
  resolved "https://registry.yarnpkg.com/universalify/-/universalify-1.0.0.tgz#b61a1da173e8435b2fe3c67d29b9adf8594bd16d"
  integrity sha512-rb6X1W158d7pRQBg5gkR8uPaSfiids68LTJQYOtEUhoJUWBdaQHsuT/EUduxXYxcrt4r5PJ4fuHW1MHT6p0qug==
