# THIS IS AN AUTOGENERATED FILE. DO NOT EDIT THIS FILE DIRECTLY.
# yarn lockfile v1


async-csv@^2.1.3:
  version "2.1.3"
  resolved "https://registry.yarnpkg.com/async-csv/-/async-csv-2.1.3.tgz#d6e43c61050ed3501b57f53c4c28943c5da59172"
  integrity sha512-mpsCN+D7mzZeqrlDw7UTPhvDQDlx1i819E9fbKIt8drkgED5FSOlBv3Rk/+sXdevnO2wwlRkVOQ4kdT0AyqPqQ==
  dependencies:
    csv "^5.1.3"

async@>=0.2.6:
  version "3.2.0"
  resolved "https://registry.yarnpkg.com/async/-/async-3.2.0.tgz#b3a2685c5ebb641d3de02d161002c60fc9f85720"
  integrity sha512-TR2mEZFVOj2pLStYxLht7TyfuRzaydfpxr3k9RpHIzMgw7A64dzsdqCxH1WJyQdoe8T10nDXd9wnEigmiuHIZw==

at-least-node@^1.0.0:
  version "1.0.0"
  resolved "https://registry.yarnpkg.com/at-least-node/-/at-least-node-1.0.0.tgz#602cd4b46e844ad4effc92a8011a3c46e0238dc2"
  integrity sha512-+q/t7Ekv1EDY2l6Gda6LLiX14rU9TV20Wa3ofeQmwPFZbOMo9DXrLbOjFaaclkXKWidIaopwAObQDqwWtGUjqg==

bluebird@^2.9.33:
  version "2.11.0"
  resolved "https://registry.yarnpkg.com/bluebird/-/bluebird-2.11.0.tgz#534b9033c022c9579c56ba3b3e5a5caafbb650e1"
  integrity sha1-U0uQM8AiyVecVro7Plpcqvu2UOE=

csv-generate@^3.2.4:
  version "3.3.0"
  resolved "https://registry.yarnpkg.com/csv-generate/-/csv-generate-3.3.0.tgz#0e25658f1bb9806d94fec7b270896a35c7eedf1a"
  integrity sha512-EXSru4QwEWKwM7wwsJbhrZC+mHEJrhQFoXlohHs80CAU8Qhlv9gaw1sjzNiC3Hr3oUx5skDmEiAlz+tnKWV0RA==

csv-parse@^4.8.8:
  version "4.14.1"
  resolved "https://registry.yarnpkg.com/csv-parse/-/csv-parse-4.14.1.tgz#b6b3736508fb94682fa6d450fe1755237221d291"
  integrity sha512-4wmcO7QbWtDAncGFaBwlWFPhEN4Akr64IbM4zvDwEOFekI8blLc04Nw7XjQjtSNy+3AUAgBgtUa9nWo5Cq89Xg==

csv-stringify@^5.3.6:
  version "5.5.3"
  resolved "https://registry.yarnpkg.com/csv-stringify/-/csv-stringify-5.5.3.tgz#b7a287daee7492de3722b13dccb238f2d60db522"
  integrity sha512-JKG8vIHpWPzdilp2SAmvjmAiIhD+XGKGdhZBGi8QIECgJAsFr7k5CmJIW2QkSxBBsctvmojM25s+UINzQ5NLTg==

csv@^5.1.3:
  version "5.3.2"
  resolved "https://registry.yarnpkg.com/csv/-/csv-5.3.2.tgz#50b344e25dfbb8c62684a1bcec18c22468b2161e"
  integrity sha512-odDyucr9OgJTdGM2wrMbJXbOkJx3nnUX3Pt8SFOwlAMOpsUQlz1dywvLMXJWX/4Ib0rjfOsaawuuwfI5ucqBGQ==
  dependencies:
    csv-generate "^3.2.4"
    csv-parse "^4.8.8"
    csv-stringify "^5.3.6"
    stream-transform "^2.0.1"

fs-extra@^9.0.1:
  version "9.0.1"
  resolved "https://registry.yarnpkg.com/fs-extra/-/fs-extra-9.0.1.tgz#910da0062437ba4c39fedd863f1675ccfefcb9fc"
  integrity sha512-h2iAoN838FqAFJY2/qVpzFXy+EBxfVE220PalAqQLDVsFOHLJrZvut5puAbCdNv6WJk+B8ihI+k0c7JK5erwqQ==
  dependencies:
    at-least-node "^1.0.0"
    graceful-fs "^4.2.0"
    jsonfile "^6.0.1"
    universalify "^1.0.0"

graceful-fs@^4.1.6, graceful-fs@^4.2.0:
  version "4.2.4"
  resolved "https://registry.yarnpkg.com/graceful-fs/-/graceful-fs-4.2.4.tgz#2256bde14d3632958c465ebc96dc467ca07a29fb"
  integrity sha512-WjKPNJF79dtJAVniUlGGWHYGz2jWxT6VhN/4m1NdkbZ2nOsEF+cI1Edgql5zCRhs/VsQYRvrXctxktVXZUkixw==

jsonfile@^6.0.1:
  version "6.1.0"
  resolved "https://registry.yarnpkg.com/jsonfile/-/jsonfile-6.1.0.tgz#bc55b2634793c679ec6403094eb13698a6ec0aae"
  integrity sha512-5dgndWOriYSm5cnYaJNhalLNDKOqFwyDB/rr1E9ZsGciGvKPs8R2xYGCacuf3z6K1YKDz182fd+fY3cn3pMqXQ==
  dependencies:
    universalify "^2.0.0"
  optionalDependencies:
    graceful-fs "^4.1.6"

line-by-line@^0.1.6:
  version "0.1.6"
  resolved "https://registry.yarnpkg.com/line-by-line/-/line-by-line-0.1.6.tgz#6236edd1db2d1695addf11f0268e74a181561c30"
  integrity sha512-MmwVPfOyp0lWnEZ3fBA8Ah4pMFvxO6WgWovqZNu7Y4J0TNnGcsV4S1LzECHbdgqk1hoHc2mFP1Axc37YUqwafg==

lodash@~2.3.0:
  version "2.3.0"
  resolved "https://registry.yarnpkg.com/lodash/-/lodash-2.3.0.tgz#dfbdac99cf87a59a022c474730570d8716c267dd"
  integrity sha1-372smc+HpZoCLEdHMFcNhxbCZ90=

map-obj@^4.1.0:
  version "4.1.0"
  resolved "https://registry.yarnpkg.com/map-obj/-/map-obj-4.1.0.tgz#b91221b542734b9f14256c0132c897c5d7256fd5"
  integrity sha512-glc9y00wgtwcDmp7GaE/0b0OnxpNJsVf3ael/An6Fe2Q51LLwN1er6sdomLRzz5h0+yMpiYLhWYF5R7HeqVd4g==

minimist@~0.0.1:
  version "0.0.10"
  resolved "https://registry.yarnpkg.com/minimist/-/minimist-0.0.10.tgz#de3f98543dbf96082be48ad1a0c7cda836301dcf"
  integrity sha1-3j+YVD2/lggr5IrRoMfNqDYwHc8=

mixme@^0.4.0:
  version "0.4.0"
  resolved "https://registry.yarnpkg.com/mixme/-/mixme-0.4.0.tgz#a1aee27f0d63cc905e1cc6ddc98abf94d414435e"
  integrity sha512-B4Sm1CDC5+ov5AYxSkyeT5HLtiDgNOLKwFlq34wr8E2O3zRdTvQiLzo599Jt9cir6VJrSenOlgvdooVYCQJIYw==

objects-to-csv@^1.3.6:
  version "1.3.6"
  resolved "https://registry.yarnpkg.com/objects-to-csv/-/objects-to-csv-1.3.6.tgz#05f25144099151ee915d2dd1458d4dd3ea96d84a"
  integrity sha512-383eSpS3hmgCksW85KIqBtcbgSW5DDVsCmzLoM6C3q4yzOX2rmtWxF4pbLJ76fz+ufA+4/SwAT4QdaY6IUWmAg==
  dependencies:
    async-csv "^2.1.3"

optimist@>=0.3.5:
  version "0.6.1"
  resolved "https://registry.yarnpkg.com/optimist/-/optimist-0.6.1.tgz#da3ea74686fa21a19a111c326e90eb15a0196686"
  integrity sha1-2j6nRob6IaGaERwybpDrFaAZZoY=
  dependencies:
    minimist "~0.0.1"
    wordwrap "~0.0.2"

pdf-text-extract@^1.5.0:
  version "1.5.0"
  resolved "https://registry.yarnpkg.com/pdf-text-extract/-/pdf-text-extract-1.5.0.tgz#4a6b648d903f5552d48bd9844e36446452b85e60"
  integrity sha1-SmtkjZA/VVLUi9mETjZEZFK4XmA=
  dependencies:
    yargs "^1.2.5"

pdf2text@^1.1.0:
  version "1.1.0"
  resolved "https://registry.yarnpkg.com/pdf2text/-/pdf2text-1.1.0.tgz#3b8ce4bfeb2c5bf771e38b6fb0dd33d6814a9c73"
  integrity sha1-O4zkv+ssW/dx44tvsN0z1oFKnHM=
  dependencies:
    bluebird "^2.9.33"
    lodash "~2.3.0"
    pdf3json "0.2.0"

pdf3json@0.2.0:
  version "0.2.0"
  resolved "https://registry.yarnpkg.com/pdf3json/-/pdf3json-0.2.0.tgz#5892d77e30d5d41af379ce20268ff6a956c6fd85"
  integrity sha1-WJLXfjDV1Brzec4gJo/2qVbG/YU=
  dependencies:
    async ">=0.2.6"
    optimist ">=0.3.5"
    underscore ">=1.4.2"
    xmldom ">=0.1.13"

snakecase-keys@^3.2.1:
  version "3.2.1"
  resolved "https://registry.yarnpkg.com/snakecase-keys/-/snakecase-keys-3.2.1.tgz#ce5d1a2de8a93c939d7992f76f2743aa59f3d5ad"
  integrity sha512-CjU5pyRfwOtaOITYv5C8DzpZ8XA/ieRsDpr93HI2r6e3YInC6moZpSQbmUtg8cTk58tq2x3jcG2gv+p1IZGmMA==
  dependencies:
    map-obj "^4.1.0"
    to-snake-case "^1.0.0"

stream-transform@^2.0.1:
  version "2.0.3"
  resolved "https://registry.yarnpkg.com/stream-transform/-/stream-transform-2.0.3.tgz#e3f6bac78b7d81a1452bf84bee9f340a1786bd60"
  integrity sha512-HgNXs2rNG9pKC2gK4owtMPMKfto81S/TWZw0Ybsx6Wp23klnN0YctnMXYe0PmzzhB/zIBEB+0Urf+PMorE4d/A==
  dependencies:
    mixme "^0.4.0"

to-no-case@^1.0.0:
  version "1.0.2"
  resolved "https://registry.yarnpkg.com/to-no-case/-/to-no-case-1.0.2.tgz#c722907164ef6b178132c8e69930212d1b4aa16a"
  integrity sha1-xyKQcWTvaxeBMsjmmTAhLRtKoWo=

to-snake-case@^1.0.0:
  version "1.0.0"
  resolved "https://registry.yarnpkg.com/to-snake-case/-/to-snake-case-1.0.0.tgz#ce746913897946019a87e62edfaeaea4c608ab8c"
  integrity sha1-znRpE4l5RgGah+Yu366upMYIq4w=
  dependencies:
    to-space-case "^1.0.0"

to-space-case@^1.0.0:
  version "1.0.0"
  resolved "https://registry.yarnpkg.com/to-space-case/-/to-space-case-1.0.0.tgz#b052daafb1b2b29dc770cea0163e5ec0ebc9fc17"
  integrity sha1-sFLar7Gysp3HcM6gFj5ewOvJ/Bc=
  dependencies:
    to-no-case "^1.0.0"

underscore@>=1.4.2:
  version "1.12.0"
  resolved "https://registry.yarnpkg.com/underscore/-/underscore-1.12.0.tgz#4814940551fc80587cef7840d1ebb0f16453be97"
  integrity sha512-21rQzss/XPMjolTiIezSu3JAjgagXKROtNrYFEOWK109qY1Uv2tVjPTZ1ci2HgvQDA16gHYSthQIJfB+XId/rQ==

universalify@^1.0.0:
  version "1.0.0"
  resolved "https://registry.yarnpkg.com/universalify/-/universalify-1.0.0.tgz#b61a1da173e8435b2fe3c67d29b9adf8594bd16d"
  integrity sha512-rb6X1W158d7pRQBg5gkR8uPaSfiids68LTJQYOtEUhoJUWBdaQHsuT/EUduxXYxcrt4r5PJ4fuHW1MHT6p0qug==

universalify@^2.0.0:
  version "2.0.0"
  resolved "https://registry.yarnpkg.com/universalify/-/universalify-2.0.0.tgz#75a4984efedc4b08975c5aeb73f530d02df25717"
  integrity sha512-hAZsKq7Yy11Zu1DE0OzWjw7nnLZmJZYTDZZyEFHZdUhV8FkH5MCfoU1XMaxXovpyW5nq5scPqq0ZDP9Zyl04oQ==

wordwrap@~0.0.2:
  version "0.0.3"
  resolved "https://registry.yarnpkg.com/wordwrap/-/wordwrap-0.0.3.tgz#a3d5da6cd5c0bc0008d37234bbaf1bed63059107"
  integrity sha1-o9XabNXAvAAI03I0u68b7WMFkQc=

xmldom@>=0.1.13:
  version "0.4.0"
  resolved "https://registry.yarnpkg.com/xmldom/-/xmldom-0.4.0.tgz#8771e482a333af44587e30ce026f0998c23f3830"
  integrity sha512-2E93k08T30Ugs+34HBSTQLVtpi6mCddaY8uO+pMNk1pqSjV5vElzn4mmh6KLxN3hki8rNcHSYzILoh3TEWORvA==

yargs@^1.2.5:
  version "1.3.3"
  resolved "https://registry.yarnpkg.com/yargs/-/yargs-1.3.3.tgz#054de8b61f22eefdb7207059eaef9d6b83fb931a"
  integrity sha1-BU3oth8i7v23IHBZ6u+da4P7kxo=
